// !$*UTF8*$!
{
	archiveVersion = 1;
	classes = {
	};
	objectVersion = 50;
	objects = {

/* Begin PBXBuildFile section */
		8C44510626077938008C8497 /* PerfilCoordinator.swift in Sources */ = {isa = PBXBuildFile; fileRef = 8C44510526077938008C8497 /* PerfilCoordinator.swift */; };
		8C44510926077976008C8497 /* PerfilViewController.swift in Sources */ = {isa = PBXBuildFile; fileRef = 8C44510826077976008C8497 /* PerfilViewController.swift */; };
		8C44510C26077E26008C8497 /* Encodable.swift in Sources */ = {isa = PBXBuildFile; fileRef = 8C44510B26077E26008C8497 /* Encodable.swift */; };
		8C44510F26077E56008C8497 /* Data.swift in Sources */ = {isa = PBXBuildFile; fileRef = 8C44510E26077E56008C8497 /* Data.swift */; };
		8C44511226077EDC008C8497 /* UIColor.swift in Sources */ = {isa = PBXBuildFile; fileRef = 8C44511126077EDC008C8497 /* UIColor.swift */; };
		8C44511526077F1B008C8497 /* UIButton.swift in Sources */ = {isa = PBXBuildFile; fileRef = 8C44511426077F1B008C8497 /* UIButton.swift */; };
		8C44511926078002008C8497 /* DefaultsManager.swift in Sources */ = {isa = PBXBuildFile; fileRef = 8C44511826078002008C8497 /* DefaultsManager.swift */; };
		8C44511D260780C7008C8497 /* PerfilViewModel.swift in Sources */ = {isa = PBXBuildFile; fileRef = 8C44511C260780C7008C8497 /* PerfilViewModel.swift */; };
		8C445121260787BF008C8497 /* PerfilLoginViewController.swift in Sources */ = {isa = PBXBuildFile; fileRef = 8C445120260787BF008C8497 /* PerfilLoginViewController.swift */; };
		8C44512526078AFF008C8497 /* PerfilSignUpViewController.swift in Sources */ = {isa = PBXBuildFile; fileRef = 8C44512426078AFF008C8497 /* PerfilSignUpViewController.swift */; };
		8C44512826078B67008C8497 /* PerfilLoginViewModel.swift in Sources */ = {isa = PBXBuildFile; fileRef = 8C44512726078B67008C8497 /* PerfilLoginViewModel.swift */; };
		8C69775B26066E2000DE5AB3 /* AppDelegate.swift in Sources */ = {isa = PBXBuildFile; fileRef = 8C69775A26066E2000DE5AB3 /* AppDelegate.swift */; };
		8C69775D26066E2000DE5AB3 /* SceneDelegate.swift in Sources */ = {isa = PBXBuildFile; fileRef = 8C69775C26066E2000DE5AB3 /* SceneDelegate.swift */; };
		8C69776426066E2200DE5AB3 /* Assets.xcassets in Resources */ = {isa = PBXBuildFile; fileRef = 8C69776326066E2200DE5AB3 /* Assets.xcassets */; };
		8C69778C26068A1E00DE5AB3 /* LauchScreenViewController.swift in Sources */ = {isa = PBXBuildFile; fileRef = 8C69778B26068A1E00DE5AB3 /* LauchScreenViewController.swift */; };
		8C69779126069AA500DE5AB3 /* CoordinatorStack.swift in Sources */ = {isa = PBXBuildFile; fileRef = 8C69779026069AA500DE5AB3 /* CoordinatorStack.swift */; };
		8C69779426069B6700DE5AB3 /* Coordinator.swift in Sources */ = {isa = PBXBuildFile; fileRef = 8C69779326069B6700DE5AB3 /* Coordinator.swift */; };
		8C69779926069CCB00DE5AB3 /* MainCoordinator.swift in Sources */ = {isa = PBXBuildFile; fileRef = 8C69779826069CCB00DE5AB3 /* MainCoordinator.swift */; };
		8C69779E2606CB8700DE5AB3 /* UIViewController.swift in Sources */ = {isa = PBXBuildFile; fileRef = 8C69779D2606CB8700DE5AB3 /* UIViewController.swift */; };
		8C6977A22606CD3700DE5AB3 /* UIView.swift in Sources */ = {isa = PBXBuildFile; fileRef = 8C6977A12606CD3700DE5AB3 /* UIView.swift */; };
		8C6977A52606D4E400DE5AB3 /* Colors.xcassets in Resources */ = {isa = PBXBuildFile; fileRef = 8C6977A42606D4E400DE5AB3 /* Colors.xcassets */; };
		8C6977A82606D53D00DE5AB3 /* AppColors.swift in Sources */ = {isa = PBXBuildFile; fileRef = 8C6977A72606D53D00DE5AB3 /* AppColors.swift */; };
		8C6977AB2606D7DF00DE5AB3 /* LaunchScreenViewModel.swift in Sources */ = {isa = PBXBuildFile; fileRef = 8C6977AA2606D7DF00DE5AB3 /* LaunchScreenViewModel.swift */; };
		8C6977AE2606DCF800DE5AB3 /* MainTabBarCoordinator.swift in Sources */ = {isa = PBXBuildFile; fileRef = 8C6977AD2606DCF800DE5AB3 /* MainTabBarCoordinator.swift */; };
		8C6977B12606E9C900DE5AB3 /* MainTabBarViewController.swift in Sources */ = {isa = PBXBuildFile; fileRef = 8C6977B02606E9C900DE5AB3 /* MainTabBarViewController.swift */; };
		8C6977B42606EA4800DE5AB3 /* HomeViewController.swift in Sources */ = {isa = PBXBuildFile; fileRef = 8C6977B32606EA4800DE5AB3 /* HomeViewController.swift */; };
		8C6977B72606EA5200DE5AB3 /* ContactsViewController.swift in Sources */ = {isa = PBXBuildFile; fileRef = 8C6977B62606EA5200DE5AB3 /* ContactsViewController.swift */; };
		8C851A4F260705E600939E0E /* HomeCoordinator.swift in Sources */ = {isa = PBXBuildFile; fileRef = 8C851A4E260705E600939E0E /* HomeCoordinator.swift */; };
		8C851A522607069900939E0E /* ConstactsCoordinator.swift in Sources */ = {isa = PBXBuildFile; fileRef = 8C851A512607069900939E0E /* ConstactsCoordinator.swift */; };
		8C851A5526070CAD00939E0E /* Constants.swift in Sources */ = {isa = PBXBuildFile; fileRef = 8C851A5426070CAD00939E0E /* Constants.swift */; };
		8C9BC5B5260954100016287C /* PerfilChooseViewController.swift in Sources */ = {isa = PBXBuildFile; fileRef = 8C9BC5B4260954100016287C /* PerfilChooseViewController.swift */; };
		8C9BC5B82609546D0016287C /* PerfilChooseViewModel.swift in Sources */ = {isa = PBXBuildFile; fileRef = 8C9BC5B72609546D0016287C /* PerfilChooseViewModel.swift */; };
		8C9BC5BC2609667E0016287C /* OnBoardingViewController.swift in Sources */ = {isa = PBXBuildFile; fileRef = 8C9BC5BB2609667E0016287C /* OnBoardingViewController.swift */; };
		8C9BC5BF260970F70016287C /* OnboardingViewCell.swift in Sources */ = {isa = PBXBuildFile; fileRef = 8C9BC5BE260970F70016287C /* OnboardingViewCell.swift */; };
/* End PBXBuildFile section */

/* Begin PBXFileReference section */
		8C44510526077938008C8497 /* PerfilCoordinator.swift */ = {isa = PBXFileReference; lastKnownFileType = sourcecode.swift; path = PerfilCoordinator.swift; sourceTree = "<group>"; };
		8C44510826077976008C8497 /* PerfilViewController.swift */ = {isa = PBXFileReference; lastKnownFileType = sourcecode.swift; path = PerfilViewController.swift; sourceTree = "<group>"; };
		8C44510B26077E26008C8497 /* Encodable.swift */ = {isa = PBXFileReference; lastKnownFileType = sourcecode.swift; path = Encodable.swift; sourceTree = "<group>"; };
		8C44510E26077E56008C8497 /* Data.swift */ = {isa = PBXFileReference; lastKnownFileType = sourcecode.swift; path = Data.swift; sourceTree = "<group>"; };
		8C44511126077EDC008C8497 /* UIColor.swift */ = {isa = PBXFileReference; lastKnownFileType = sourcecode.swift; path = UIColor.swift; sourceTree = "<group>"; };
		8C44511426077F1B008C8497 /* UIButton.swift */ = {isa = PBXFileReference; lastKnownFileType = sourcecode.swift; path = UIButton.swift; sourceTree = "<group>"; };
		8C44511826078002008C8497 /* DefaultsManager.swift */ = {isa = PBXFileReference; lastKnownFileType = sourcecode.swift; path = DefaultsManager.swift; sourceTree = "<group>"; };
		8C44511C260780C7008C8497 /* PerfilViewModel.swift */ = {isa = PBXFileReference; lastKnownFileType = sourcecode.swift; path = PerfilViewModel.swift; sourceTree = "<group>"; };
		8C445120260787BF008C8497 /* PerfilLoginViewController.swift */ = {isa = PBXFileReference; lastKnownFileType = sourcecode.swift; path = PerfilLoginViewController.swift; sourceTree = "<group>"; };
		8C44512426078AFF008C8497 /* PerfilSignUpViewController.swift */ = {isa = PBXFileReference; lastKnownFileType = sourcecode.swift; path = PerfilSignUpViewController.swift; sourceTree = "<group>"; };
		8C44512726078B67008C8497 /* PerfilLoginViewModel.swift */ = {isa = PBXFileReference; lastKnownFileType = sourcecode.swift; path = PerfilLoginViewModel.swift; sourceTree = "<group>"; };
		8C69775726066E2000DE5AB3 /* iOSChat-HML.app */ = {isa = PBXFileReference; explicitFileType = wrapper.application; includeInIndex = 0; path = "iOSChat-HML.app"; sourceTree = BUILT_PRODUCTS_DIR; };
		8C69775A26066E2000DE5AB3 /* AppDelegate.swift */ = {isa = PBXFileReference; lastKnownFileType = sourcecode.swift; path = AppDelegate.swift; sourceTree = "<group>"; };
		8C69775C26066E2000DE5AB3 /* SceneDelegate.swift */ = {isa = PBXFileReference; lastKnownFileType = sourcecode.swift; path = SceneDelegate.swift; sourceTree = "<group>"; };
		8C69776326066E2200DE5AB3 /* Assets.xcassets */ = {isa = PBXFileReference; lastKnownFileType = folder.assetcatalog; path = Assets.xcassets; sourceTree = "<group>"; };
		8C69776826066E2200DE5AB3 /* Info.plist */ = {isa = PBXFileReference; lastKnownFileType = text.plist.xml; path = Info.plist; sourceTree = "<group>"; };
		8C69778B26068A1E00DE5AB3 /* LauchScreenViewController.swift */ = {isa = PBXFileReference; lastKnownFileType = sourcecode.swift; path = LauchScreenViewController.swift; sourceTree = "<group>"; };
		8C69779026069AA500DE5AB3 /* CoordinatorStack.swift */ = {isa = PBXFileReference; lastKnownFileType = sourcecode.swift; path = CoordinatorStack.swift; sourceTree = "<group>"; };
		8C69779326069B6700DE5AB3 /* Coordinator.swift */ = {isa = PBXFileReference; lastKnownFileType = sourcecode.swift; path = Coordinator.swift; sourceTree = "<group>"; };
		8C69779826069CCB00DE5AB3 /* MainCoordinator.swift */ = {isa = PBXFileReference; lastKnownFileType = sourcecode.swift; path = MainCoordinator.swift; sourceTree = "<group>"; };
		8C69779D2606CB8700DE5AB3 /* UIViewController.swift */ = {isa = PBXFileReference; lastKnownFileType = sourcecode.swift; path = UIViewController.swift; sourceTree = "<group>"; };
		8C6977A12606CD3700DE5AB3 /* UIView.swift */ = {isa = PBXFileReference; lastKnownFileType = sourcecode.swift; path = UIView.swift; sourceTree = "<group>"; };
		8C6977A42606D4E400DE5AB3 /* Colors.xcassets */ = {isa = PBXFileReference; lastKnownFileType = folder.assetcatalog; path = Colors.xcassets; sourceTree = "<group>"; };
		8C6977A72606D53D00DE5AB3 /* AppColors.swift */ = {isa = PBXFileReference; lastKnownFileType = sourcecode.swift; path = AppColors.swift; sourceTree = "<group>"; };
		8C6977AA2606D7DF00DE5AB3 /* LaunchScreenViewModel.swift */ = {isa = PBXFileReference; lastKnownFileType = sourcecode.swift; path = LaunchScreenViewModel.swift; sourceTree = "<group>"; };
		8C6977AD2606DCF800DE5AB3 /* MainTabBarCoordinator.swift */ = {isa = PBXFileReference; lastKnownFileType = sourcecode.swift; path = MainTabBarCoordinator.swift; sourceTree = "<group>"; };
		8C6977B02606E9C900DE5AB3 /* MainTabBarViewController.swift */ = {isa = PBXFileReference; lastKnownFileType = sourcecode.swift; path = MainTabBarViewController.swift; sourceTree = "<group>"; };
		8C6977B32606EA4800DE5AB3 /* HomeViewController.swift */ = {isa = PBXFileReference; lastKnownFileType = sourcecode.swift; path = HomeViewController.swift; sourceTree = "<group>"; };
		8C6977B62606EA5200DE5AB3 /* ContactsViewController.swift */ = {isa = PBXFileReference; lastKnownFileType = sourcecode.swift; path = ContactsViewController.swift; sourceTree = "<group>"; };
		8C851A4E260705E600939E0E /* HomeCoordinator.swift */ = {isa = PBXFileReference; lastKnownFileType = sourcecode.swift; path = HomeCoordinator.swift; sourceTree = "<group>"; };
		8C851A512607069900939E0E /* ConstactsCoordinator.swift */ = {isa = PBXFileReference; lastKnownFileType = sourcecode.swift; path = ConstactsCoordinator.swift; sourceTree = "<group>"; };
		8C851A5426070CAD00939E0E /* Constants.swift */ = {isa = PBXFileReference; lastKnownFileType = sourcecode.swift; path = Constants.swift; sourceTree = "<group>"; };
		8C9BC5B4260954100016287C /* PerfilChooseViewController.swift */ = {isa = PBXFileReference; lastKnownFileType = sourcecode.swift; path = PerfilChooseViewController.swift; sourceTree = "<group>"; };
		8C9BC5B72609546D0016287C /* PerfilChooseViewModel.swift */ = {isa = PBXFileReference; lastKnownFileType = sourcecode.swift; path = PerfilChooseViewModel.swift; sourceTree = "<group>"; };
		8C9BC5BB2609667E0016287C /* OnBoardingViewController.swift */ = {isa = PBXFileReference; lastKnownFileType = sourcecode.swift; path = OnBoardingViewController.swift; sourceTree = "<group>"; };
		8C9BC5BE260970F70016287C /* OnboardingViewCell.swift */ = {isa = PBXFileReference; lastKnownFileType = sourcecode.swift; path = OnboardingViewCell.swift; sourceTree = "<group>"; };
/* End PBXFileReference section */

/* Begin PBXFrameworksBuildPhase section */
		8C69775426066E2000DE5AB3 /* Frameworks */ = {
			isa = PBXFrameworksBuildPhase;
			buildActionMask = 2147483647;
			files = (
			);
			runOnlyForDeploymentPostprocessing = 0;
		};
/* End PBXFrameworksBuildPhase section */

/* Begin PBXGroup section */
		8C44511726077FF0008C8497 /* Components */ = {
			isa = PBXGroup;
			children = (
				8C44511826078002008C8497 /* DefaultsManager.swift */,
			);
			path = Components;
			sourceTree = "<group>";
		};
		8C44511F260787AB008C8497 /* Account */ = {
			isa = PBXGroup;
			children = (
				8C9BC5B4260954100016287C /* PerfilChooseViewController.swift */,
				8C445120260787BF008C8497 /* PerfilLoginViewController.swift */,
				8C44512426078AFF008C8497 /* PerfilSignUpViewController.swift */,
			);
			path = Account;
			sourceTree = "<group>";
		};
		8C69774E26066E2000DE5AB3 = {
			isa = PBXGroup;
			children = (
				8C69775926066E2000DE5AB3 /* iOSChat */,
				8C69775826066E2000DE5AB3 /* Products */,
			);
			sourceTree = "<group>";
		};
		8C69775826066E2000DE5AB3 /* Products */ = {
			isa = PBXGroup;
			children = (
				8C69775726066E2000DE5AB3 /* iOSChat-HML.app */,
			);
			name = Products;
			sourceTree = "<group>";
		};
		8C69775926066E2000DE5AB3 /* iOSChat */ = {
			isa = PBXGroup;
			children = (
				8C6977852606893F00DE5AB3 /* System */,
				8C6977892606895700DE5AB3 /* Coordinators */,
				8C6977882606895300DE5AB3 /* Model */,
				8C6977872606894D00DE5AB3 /* View */,
				8C69778A2606895F00DE5AB3 /* ViewModel */,
				8C69779B2606CB6600DE5AB3 /* Utils */,
				8C69776326066E2200DE5AB3 /* Assets.xcassets */,
				8C6977A42606D4E400DE5AB3 /* Colors.xcassets */,
			);
			path = iOSChat;
			sourceTree = "<group>";
		};
		8C6977852606893F00DE5AB3 /* System */ = {
			isa = PBXGroup;
			children = (
				8C69775A26066E2000DE5AB3 /* AppDelegate.swift */,
				8C69775C26066E2000DE5AB3 /* SceneDelegate.swift */,
				8C69776826066E2200DE5AB3 /* Info.plist */,
			);
			path = System;
			sourceTree = "<group>";
		};
		8C6977872606894D00DE5AB3 /* View */ = {
			isa = PBXGroup;
			children = (
				8C44511F260787AB008C8497 /* Account */,
				8C69778B26068A1E00DE5AB3 /* LauchScreenViewController.swift */,
				8C6977B02606E9C900DE5AB3 /* MainTabBarViewController.swift */,
				8C6977B32606EA4800DE5AB3 /* HomeViewController.swift */,
				8C6977B62606EA5200DE5AB3 /* ContactsViewController.swift */,
				8C44510826077976008C8497 /* PerfilViewController.swift */,
				8C9BC5BB2609667E0016287C /* OnBoardingViewController.swift */,
				8C9BC5BE260970F70016287C /* OnboardingViewCell.swift */,
			);
			path = View;
			sourceTree = "<group>";
		};
		8C6977882606895300DE5AB3 /* Model */ = {
			isa = PBXGroup;
			children = (
			);
			path = Model;
			sourceTree = "<group>";
		};
		8C6977892606895700DE5AB3 /* Coordinators */ = {
			isa = PBXGroup;
			children = (
				8C69779626069C0000DE5AB3 /* Common */,
				8C69779826069CCB00DE5AB3 /* MainCoordinator.swift */,
				8C6977AD2606DCF800DE5AB3 /* MainTabBarCoordinator.swift */,
				8C851A4E260705E600939E0E /* HomeCoordinator.swift */,
				8C851A512607069900939E0E /* ConstactsCoordinator.swift */,
				8C44510526077938008C8497 /* PerfilCoordinator.swift */,
			);
			path = Coordinators;
			sourceTree = "<group>";
		};
		8C69778A2606895F00DE5AB3 /* ViewModel */ = {
			isa = PBXGroup;
			children = (
				8C6977AA2606D7DF00DE5AB3 /* LaunchScreenViewModel.swift */,
				8C44511C260780C7008C8497 /* PerfilViewModel.swift */,
				8C44512726078B67008C8497 /* PerfilLoginViewModel.swift */,
				8C9BC5B72609546D0016287C /* PerfilChooseViewModel.swift */,
			);
			path = ViewModel;
			sourceTree = "<group>";
		};
		8C69779626069C0000DE5AB3 /* Common */ = {
			isa = PBXGroup;
			children = (
				8C69779026069AA500DE5AB3 /* CoordinatorStack.swift */,
				8C69779326069B6700DE5AB3 /* Coordinator.swift */,
			);
			path = Common;
			sourceTree = "<group>";
		};
		8C69779B2606CB6600DE5AB3 /* Utils */ = {
			isa = PBXGroup;
			children = (
				8C44511726077FF0008C8497 /* Components */,
				8C69779C2606CB7700DE5AB3 /* Extensions */,
				8C6977A72606D53D00DE5AB3 /* AppColors.swift */,
				8C851A5426070CAD00939E0E /* Constants.swift */,
			);
			path = Utils;
			sourceTree = "<group>";
		};
		8C69779C2606CB7700DE5AB3 /* Extensions */ = {
			isa = PBXGroup;
			children = (
				8C69779D2606CB8700DE5AB3 /* UIViewController.swift */,
				8C6977A12606CD3700DE5AB3 /* UIView.swift */,
				8C44510B26077E26008C8497 /* Encodable.swift */,
				8C44510E26077E56008C8497 /* Data.swift */,
				8C44511126077EDC008C8497 /* UIColor.swift */,
				8C44511426077F1B008C8497 /* UIButton.swift */,
			);
			path = Extensions;
			sourceTree = "<group>";
		};
/* End PBXGroup section */

/* Begin PBXNativeTarget section */
		8C69775626066E2000DE5AB3 /* iOSChat */ = {
			isa = PBXNativeTarget;
			buildConfigurationList = 8C69776B26066E2200DE5AB3 /* Build configuration list for PBXNativeTarget "iOSChat" */;
			buildPhases = (
				8C69775326066E2000DE5AB3 /* Sources */,
				8C69775426066E2000DE5AB3 /* Frameworks */,
				8C69775526066E2000DE5AB3 /* Resources */,
			);
			buildRules = (
			);
			dependencies = (
			);
			name = iOSChat;
			productName = iOSChat;
			productReference = 8C69775726066E2000DE5AB3 /* iOSChat-HML.app */;
			productType = "com.apple.product-type.application";
		};
/* End PBXNativeTarget section */

/* Begin PBXProject section */
		8C69774F26066E2000DE5AB3 /* Project object */ = {
			isa = PBXProject;
			attributes = {
				LastSwiftUpdateCheck = 1240;
				LastUpgradeCheck = 1240;
				TargetAttributes = {
					8C69775626066E2000DE5AB3 = {
						CreatedOnToolsVersion = 12.4;
					};
				};
			};
			buildConfigurationList = 8C69775226066E2000DE5AB3 /* Build configuration list for PBXProject "iOSChat" */;
			compatibilityVersion = "Xcode 9.3";
			developmentRegion = en;
			hasScannedForEncodings = 0;
			knownRegions = (
				en,
				Base,
			);
			mainGroup = 8C69774E26066E2000DE5AB3;
			productRefGroup = 8C69775826066E2000DE5AB3 /* Products */;
			projectDirPath = "";
			projectRoot = "";
			targets = (
				8C69775626066E2000DE5AB3 /* iOSChat */,
			);
		};
/* End PBXProject section */

/* Begin PBXResourcesBuildPhase section */
		8C69775526066E2000DE5AB3 /* Resources */ = {
			isa = PBXResourcesBuildPhase;
			buildActionMask = 2147483647;
			files = (
				8C69776426066E2200DE5AB3 /* Assets.xcassets in Resources */,
				8C6977A52606D4E400DE5AB3 /* Colors.xcassets in Resources */,
			);
			runOnlyForDeploymentPostprocessing = 0;
		};
/* End PBXResourcesBuildPhase section */

/* Begin PBXSourcesBuildPhase section */
		8C69775326066E2000DE5AB3 /* Sources */ = {
			isa = PBXSourcesBuildPhase;
			buildActionMask = 2147483647;
			files = (
				8C6977A82606D53D00DE5AB3 /* AppColors.swift in Sources */,
				8C851A5526070CAD00939E0E /* Constants.swift in Sources */,
				8C6977B72606EA5200DE5AB3 /* ContactsViewController.swift in Sources */,
				8C851A4F260705E600939E0E /* HomeCoordinator.swift in Sources */,
				8C44510626077938008C8497 /* PerfilCoordinator.swift in Sources */,
				8C6977A22606CD3700DE5AB3 /* UIView.swift in Sources */,
				8C69779E2606CB8700DE5AB3 /* UIViewController.swift in Sources */,
				8C9BC5BC2609667E0016287C /* OnBoardingViewController.swift in Sources */,
				8C44511226077EDC008C8497 /* UIColor.swift in Sources */,
				8C44512826078B67008C8497 /* PerfilLoginViewModel.swift in Sources */,
				8C44510F26077E56008C8497 /* Data.swift in Sources */,
				8C44510926077976008C8497 /* PerfilViewController.swift in Sources */,
				8C445121260787BF008C8497 /* PerfilLoginViewController.swift in Sources */,
				8C6977AB2606D7DF00DE5AB3 /* LaunchScreenViewModel.swift in Sources */,
				8C69775B26066E2000DE5AB3 /* AppDelegate.swift in Sources */,
				8C69779926069CCB00DE5AB3 /* MainCoordinator.swift in Sources */,
				8C6977AE2606DCF800DE5AB3 /* MainTabBarCoordinator.swift in Sources */,
				8C9BC5BF260970F70016287C /* OnboardingViewCell.swift in Sources */,
				8C69775D26066E2000DE5AB3 /* SceneDelegate.swift in Sources */,
				8C44511526077F1B008C8497 /* UIButton.swift in Sources */,
				8C69779426069B6700DE5AB3 /* Coordinator.swift in Sources */,
				8C851A522607069900939E0E /* ConstactsCoordinator.swift in Sources */,
				8C9BC5B5260954100016287C /* PerfilChooseViewController.swift in Sources */,
				8C9BC5B82609546D0016287C /* PerfilChooseViewModel.swift in Sources */,
				8C44511D260780C7008C8497 /* PerfilViewModel.swift in Sources */,
				8C6977B12606E9C900DE5AB3 /* MainTabBarViewController.swift in Sources */,
				8C44511926078002008C8497 /* DefaultsManager.swift in Sources */,
				8C69778C26068A1E00DE5AB3 /* LauchScreenViewController.swift in Sources */,
				8C44512526078AFF008C8497 /* PerfilSignUpViewController.swift in Sources */,
				8C6977B42606EA4800DE5AB3 /* HomeViewController.swift in Sources */,
				8C69779126069AA500DE5AB3 /* CoordinatorStack.swift in Sources */,
				8C44510C26077E26008C8497 /* Encodable.swift in Sources */,
			);
			runOnlyForDeploymentPostprocessing = 0;
		};
/* End PBXSourcesBuildPhase section */

/* Begin XCBuildConfiguration section */
		8C69776926066E2200DE5AB3 /* Debug */ = {
			isa = XCBuildConfiguration;
			buildSettings = {
				ALWAYS_SEARCH_USER_PATHS = NO;
				CLANG_ANALYZER_NONNULL = YES;
				CLANG_ANALYZER_NUMBER_OBJECT_CONVERSION = YES_AGGRESSIVE;
				CLANG_CXX_LANGUAGE_STANDARD = "gnu++14";
				CLANG_CXX_LIBRARY = "libc++";
				CLANG_ENABLE_MODULES = YES;
				CLANG_ENABLE_OBJC_ARC = YES;
				CLANG_ENABLE_OBJC_WEAK = YES;
				CLANG_WARN_BLOCK_CAPTURE_AUTORELEASING = YES;
				CLANG_WARN_BOOL_CONVERSION = YES;
				CLANG_WARN_COMMA = YES;
				CLANG_WARN_CONSTANT_CONVERSION = YES;
				CLANG_WARN_DEPRECATED_OBJC_IMPLEMENTATIONS = YES;
				CLANG_WARN_DIRECT_OBJC_ISA_USAGE = YES_ERROR;
				CLANG_WARN_DOCUMENTATION_COMMENTS = YES;
				CLANG_WARN_EMPTY_BODY = YES;
				CLANG_WARN_ENUM_CONVERSION = YES;
				CLANG_WARN_INFINITE_RECURSION = YES;
				CLANG_WARN_INT_CONVERSION = YES;
				CLANG_WARN_NON_LITERAL_NULL_CONVERSION = YES;
				CLANG_WARN_OBJC_IMPLICIT_RETAIN_SELF = YES;
				CLANG_WARN_OBJC_LITERAL_CONVERSION = YES;
				CLANG_WARN_OBJC_ROOT_CLASS = YES_ERROR;
				CLANG_WARN_QUOTED_INCLUDE_IN_FRAMEWORK_HEADER = YES;
				CLANG_WARN_RANGE_LOOP_ANALYSIS = YES;
				CLANG_WARN_STRICT_PROTOTYPES = YES;
				CLANG_WARN_SUSPICIOUS_MOVE = YES;
				CLANG_WARN_UNGUARDED_AVAILABILITY = YES_AGGRESSIVE;
				CLANG_WARN_UNREACHABLE_CODE = YES;
				CLANG_WARN__DUPLICATE_METHOD_MATCH = YES;
				COPY_PHASE_STRIP = NO;
				DEBUG_INFORMATION_FORMAT = dwarf;
				ENABLE_STRICT_OBJC_MSGSEND = YES;
				ENABLE_TESTABILITY = YES;
				GCC_C_LANGUAGE_STANDARD = gnu11;
				GCC_DYNAMIC_NO_PIC = NO;
				GCC_NO_COMMON_BLOCKS = YES;
				GCC_OPTIMIZATION_LEVEL = 0;
				GCC_PREPROCESSOR_DEFINITIONS = (
					"DEBUG=1",
					"$(inherited)",
				);
				GCC_WARN_64_TO_32_BIT_CONVERSION = YES;
				GCC_WARN_ABOUT_RETURN_TYPE = YES_ERROR;
				GCC_WARN_UNDECLARED_SELECTOR = YES;
				GCC_WARN_UNINITIALIZED_AUTOS = YES_AGGRESSIVE;
				GCC_WARN_UNUSED_FUNCTION = YES;
				GCC_WARN_UNUSED_VARIABLE = YES;
				IPHONEOS_DEPLOYMENT_TARGET = 14.4;
				MTL_ENABLE_DEBUG_INFO = INCLUDE_SOURCE;
				MTL_FAST_MATH = YES;
				ONLY_ACTIVE_ARCH = YES;
				SDKROOT = iphoneos;
				SWIFT_ACTIVE_COMPILATION_CONDITIONS = DEBUG;
				SWIFT_OPTIMIZATION_LEVEL = "-Onone";
			};
			name = Debug;
		};
		8C69776A26066E2200DE5AB3 /* Release */ = {
			isa = XCBuildConfiguration;
			buildSettings = {
				ALWAYS_SEARCH_USER_PATHS = NO;
				CLANG_ANALYZER_NONNULL = YES;
				CLANG_ANALYZER_NUMBER_OBJECT_CONVERSION = YES_AGGRESSIVE;
				CLANG_CXX_LANGUAGE_STANDARD = "gnu++14";
				CLANG_CXX_LIBRARY = "libc++";
				CLANG_ENABLE_MODULES = YES;
				CLANG_ENABLE_OBJC_ARC = YES;
				CLANG_ENABLE_OBJC_WEAK = YES;
				CLANG_WARN_BLOCK_CAPTURE_AUTORELEASING = YES;
				CLANG_WARN_BOOL_CONVERSION = YES;
				CLANG_WARN_COMMA = YES;
				CLANG_WARN_CONSTANT_CONVERSION = YES;
				CLANG_WARN_DEPRECATED_OBJC_IMPLEMENTATIONS = YES;
				CLANG_WARN_DIRECT_OBJC_ISA_USAGE = YES_ERROR;
				CLANG_WARN_DOCUMENTATION_COMMENTS = YES;
				CLANG_WARN_EMPTY_BODY = YES;
				CLANG_WARN_ENUM_CONVERSION = YES;
				CLANG_WARN_INFINITE_RECURSION = YES;
				CLANG_WARN_INT_CONVERSION = YES;
				CLANG_WARN_NON_LITERAL_NULL_CONVERSION = YES;
				CLANG_WARN_OBJC_IMPLICIT_RETAIN_SELF = YES;
				CLANG_WARN_OBJC_LITERAL_CONVERSION = YES;
				CLANG_WARN_OBJC_ROOT_CLASS = YES_ERROR;
				CLANG_WARN_QUOTED_INCLUDE_IN_FRAMEWORK_HEADER = YES;
				CLANG_WARN_RANGE_LOOP_ANALYSIS = YES;
				CLANG_WARN_STRICT_PROTOTYPES = YES;
				CLANG_WARN_SUSPICIOUS_MOVE = YES;
				CLANG_WARN_UNGUARDED_AVAILABILITY = YES_AGGRESSIVE;
				CLANG_WARN_UNREACHABLE_CODE = YES;
				CLANG_WARN__DUPLICATE_METHOD_MATCH = YES;
				COPY_PHASE_STRIP = NO;
				DEBUG_INFORMATION_FORMAT = "dwarf-with-dsym";
				ENABLE_NS_ASSERTIONS = NO;
				ENABLE_STRICT_OBJC_MSGSEND = YES;
				GCC_C_LANGUAGE_STANDARD = gnu11;
				GCC_NO_COMMON_BLOCKS = YES;
				GCC_WARN_64_TO_32_BIT_CONVERSION = YES;
				GCC_WARN_ABOUT_RETURN_TYPE = YES_ERROR;
				GCC_WARN_UNDECLARED_SELECTOR = YES;
				GCC_WARN_UNINITIALIZED_AUTOS = YES_AGGRESSIVE;
				GCC_WARN_UNUSED_FUNCTION = YES;
				GCC_WARN_UNUSED_VARIABLE = YES;
				IPHONEOS_DEPLOYMENT_TARGET = 14.4;
				MTL_ENABLE_DEBUG_INFO = NO;
				MTL_FAST_MATH = YES;
				SDKROOT = iphoneos;
				SWIFT_COMPILATION_MODE = wholemodule;
				SWIFT_OPTIMIZATION_LEVEL = "-O";
				VALIDATE_PRODUCT = YES;
			};
			name = Release;
		};
		8C69776C26066E2200DE5AB3 /* Debug */ = {
			isa = XCBuildConfiguration;
			buildSettings = {
				APP_NAME = "iOS Chat.hml";
				ASSETCATALOG_COMPILER_APPICON_NAME = "AppIcon-hml";
				ASSETCATALOG_COMPILER_GLOBAL_ACCENT_COLOR_NAME = AccentColor;
				CODE_SIGN_STYLE = Automatic;
				DEVELOPMENT_TEAM = VVQ8F653L6;
				INFOPLIST_FILE = "$(SRCROOT)/iOSChat/System/Info.plist";
				LD_RUNPATH_SEARCH_PATHS = (
					"$(inherited)",
					"@executable_path/Frameworks",
				);
				PRODUCT_BUNDLE_IDENTIFIER = jeanpaull.iOSChat;
				PRODUCT_NAME = "$(TARGET_NAME)-HML";
				SWIFT_VERSION = 5.0;
				TARGETED_DEVICE_FAMILY = 1;
				VERSIONING_SYSTEM = "apple-generic";
			};
			name = Debug;
		};
		8C69776D26066E2200DE5AB3 /* Release */ = {
			isa = XCBuildConfiguration;
			buildSettings = {
				APP_NAME = "iOS Chat";
				ASSETCATALOG_COMPILER_APPICON_NAME = AppIcon;
				ASSETCATALOG_COMPILER_GLOBAL_ACCENT_COLOR_NAME = AccentColor;
				CODE_SIGN_STYLE = Automatic;
				DEVELOPMENT_TEAM = VVQ8F653L6;
				INFOPLIST_FILE = "$(SRCROOT)/iOSChat/System/Info.plist";
				LD_RUNPATH_SEARCH_PATHS = (
					"$(inherited)",
					"@executable_path/Frameworks",
				);
				PRODUCT_BUNDLE_IDENTIFIER = jeanpaull.iOSChat;
				PRODUCT_NAME = "$(TARGET_NAME)";
				SWIFT_VERSION = 5.0;
				TARGETED_DEVICE_FAMILY = 1;
				VERSIONING_SYSTEM = "apple-generic";
			};
			name = Release;
		};
		8C69777526067A1000DE5AB3 /* Homolog */ = {
			isa = XCBuildConfiguration;
			buildSettings = {
				ALWAYS_SEARCH_USER_PATHS = NO;
				CLANG_ANALYZER_NONNULL = YES;
				CLANG_ANALYZER_NUMBER_OBJECT_CONVERSION = YES_AGGRESSIVE;
				CLANG_CXX_LANGUAGE_STANDARD = "gnu++14";
				CLANG_CXX_LIBRARY = "libc++";
				CLANG_ENABLE_MODULES = YES;
				CLANG_ENABLE_OBJC_ARC = YES;
				CLANG_ENABLE_OBJC_WEAK = YES;
				CLANG_WARN_BLOCK_CAPTURE_AUTORELEASING = YES;
				CLANG_WARN_BOOL_CONVERSION = YES;
				CLANG_WARN_COMMA = YES;
				CLANG_WARN_CONSTANT_CONVERSION = YES;
				CLANG_WARN_DEPRECATED_OBJC_IMPLEMENTATIONS = YES;
				CLANG_WARN_DIRECT_OBJC_ISA_USAGE = YES_ERROR;
				CLANG_WARN_DOCUMENTATION_COMMENTS = YES;
				CLANG_WARN_EMPTY_BODY = YES;
				CLANG_WARN_ENUM_CONVERSION = YES;
				CLANG_WARN_INFINITE_RECURSION = YES;
				CLANG_WARN_INT_CONVERSION = YES;
				CLANG_WARN_NON_LITERAL_NULL_CONVERSION = YES;
				CLANG_WARN_OBJC_IMPLICIT_RETAIN_SELF = YES;
				CLANG_WARN_OBJC_LITERAL_CONVERSION = YES;
				CLANG_WARN_OBJC_ROOT_CLASS = YES_ERROR;
				CLANG_WARN_QUOTED_INCLUDE_IN_FRAMEWORK_HEADER = YES;
				CLANG_WARN_RANGE_LOOP_ANALYSIS = YES;
				CLANG_WARN_STRICT_PROTOTYPES = YES;
				CLANG_WARN_SUSPICIOUS_MOVE = YES;
				CLANG_WARN_UNGUARDED_AVAILABILITY = YES_AGGRESSIVE;
				CLANG_WARN_UNREACHABLE_CODE = YES;
				CLANG_WARN__DUPLICATE_METHOD_MATCH = YES;
				COPY_PHASE_STRIP = NO;
				DEBUG_INFORMATION_FORMAT = dwarf;
				ENABLE_STRICT_OBJC_MSGSEND = YES;
				ENABLE_TESTABILITY = YES;
				GCC_C_LANGUAGE_STANDARD = gnu11;
				GCC_DYNAMIC_NO_PIC = NO;
				GCC_NO_COMMON_BLOCKS = YES;
				GCC_OPTIMIZATION_LEVEL = 0;
				GCC_PREPROCESSOR_DEFINITIONS = (
					"DEBUG=1",
					"$(inherited)",
				);
				GCC_WARN_64_TO_32_BIT_CONVERSION = YES;
				GCC_WARN_ABOUT_RETURN_TYPE = YES_ERROR;
				GCC_WARN_UNDECLARED_SELECTOR = YES;
				GCC_WARN_UNINITIALIZED_AUTOS = YES_AGGRESSIVE;
				GCC_WARN_UNUSED_FUNCTION = YES;
				GCC_WARN_UNUSED_VARIABLE = YES;
				IPHONEOS_DEPLOYMENT_TARGET = 14.4;
				MTL_ENABLE_DEBUG_INFO = INCLUDE_SOURCE;
				MTL_FAST_MATH = YES;
				ONLY_ACTIVE_ARCH = YES;
				SDKROOT = iphoneos;
				SWIFT_ACTIVE_COMPILATION_CONDITIONS = DEBUG;
				SWIFT_OPTIMIZATION_LEVEL = "-Onone";
			};
			name = Homolog;
		};
		8C69777626067A1000DE5AB3 /* Homolog */ = {
			isa = XCBuildConfiguration;
			buildSettings = {
				APP_NAME = "iOS Chat.hml";
				ASSETCATALOG_COMPILER_APPICON_NAME = "AppIcon-hml";
				ASSETCATALOG_COMPILER_GLOBAL_ACCENT_COLOR_NAME = AccentColor;
				CODE_SIGN_STYLE = Automatic;
				DEVELOPMENT_TEAM = VVQ8F653L6;
				INFOPLIST_FILE = "$(SRCROOT)/iOSChat/System/Info.plist";
				LD_RUNPATH_SEARCH_PATHS = (
					"$(inherited)",
					"@executable_path/Frameworks",
				);
				PRODUCT_BUNDLE_IDENTIFIER = jeanpaull.iOSChat.hml;
				PRODUCT_NAME = "$(TARGET_NAME)$(iOSChat_BUNDLE_ID_SUFFIX)";
				SWIFT_VERSION = 5.0;
				TARGETED_DEVICE_FAMILY = 1;
				VERSIONING_SYSTEM = "apple-generic";
			};
			name = Homolog;
		};
/* End XCBuildConfiguration section */

/* Begin XCConfigurationList section */
		8C69775226066E2000DE5AB3 /* Build configuration list for PBXProject "iOSChat" */ = {
			isa = XCConfigurationList;
			buildConfigurations = (
				8C69776926066E2200DE5AB3 /* Debug */,
				8C69777526067A1000DE5AB3 /* Homolog */,
				8C69776A26066E2200DE5AB3 /* Release */,
			);
			defaultConfigurationIsVisible = 0;
			defaultConfigurationName = Homolog;
		};
		8C69776B26066E2200DE5AB3 /* Build configuration list for PBXNativeTarget "iOSChat" */ = {
			isa = XCConfigurationList;
			buildConfigurations = (
				8C69776C26066E2200DE5AB3 /* Debug */,
				8C69777626067A1000DE5AB3 /* Homolog */,
				8C69776D26066E2200DE5AB3 /* Release */,
			);
			defaultConfigurationIsVisible = 0;
			defaultConfigurationName = Homolog;
		};
/* End XCConfigurationList section */
	};
	rootObject = 8C69774F26066E2000DE5AB3 /* Project object */;
}
